// !$*UTF8*$!
{
	archiveVersion = 1;
	classes = {
	};
	objectVersion = 50;
	objects = {

/* Begin PBXBuildFile section */
		5906D6E224DD2D0300CB9294 /* CloudKit.framework in Frameworks */ = {isa = PBXBuildFile; fileRef = 5906D6E124DD2D0300CB9294 /* CloudKit.framework */; };
		5909BD0B24CF70A4000265BB /* HueLight.swift in Sources */ = {isa = PBXBuildFile; fileRef = 5909BD0A24CF70A4000265BB /* HueLight.swift */; };
		5909BD0D24CF70C0000265BB /* Findable.swift in Sources */ = {isa = PBXBuildFile; fileRef = 5909BD0C24CF70C0000265BB /* Findable.swift */; };
		5909BD0F24CF761E000265BB /* HueAPI.swift in Sources */ = {isa = PBXBuildFile; fileRef = 5909BD0E24CF761E000265BB /* HueAPI.swift */; };
		5909BD1124D057A6000265BB /* BridgeRowView.swift in Sources */ = {isa = PBXBuildFile; fileRef = 5909BD1024D057A6000265BB /* BridgeRowView.swift */; };
		590F453A24D8351300F38AD7 /* MainContainerView.swift in Sources */ = {isa = PBXBuildFile; fileRef = 590F453924D8351300F38AD7 /* MainContainerView.swift */; };
		59173A9E24B764800009A73C /* InspectReminder.swift in Sources */ = {isa = PBXBuildFile; fileRef = 59173A9D24B764800009A73C /* InspectReminder.swift */; };
		591C895424EFDAC1005BA7B1 /* EmptyView.swift in Sources */ = {isa = PBXBuildFile; fileRef = 591C895324EFDAC1005BA7B1 /* EmptyView.swift */; };
		592B427224C9839200D73CFF /* ConnectViewModel.swift in Sources */ = {isa = PBXBuildFile; fileRef = 592B427124C9839200D73CFF /* ConnectViewModel.swift */; };
		592BFC5624DA8C9800FF19A9 /* Reminder.swift in Sources */ = {isa = PBXBuildFile; fileRef = 592BFC5524DA8C9800FF19A9 /* Reminder.swift */; };
		592DD9B924E143B600B8309A /* ResponseStructs.swift in Sources */ = {isa = PBXBuildFile; fileRef = 592DD9B824E143B600B8309A /* ResponseStructs.swift */; };
		595D61EC24CEB2A000F93423 /* HueBridge.xcdatamodeld in Sources */ = {isa = PBXBuildFile; fileRef = 595D61EA24CEB2A000F93423 /* HueBridge.xcdatamodeld */; };
		595D61F024CED6C900F93423 /* HueBridge.swift in Sources */ = {isa = PBXBuildFile; fileRef = 595D61EF24CED6C900F93423 /* HueBridge.swift */; };
		599824B324D1D37100AB4A41 /* LightsListViewModel.swift in Sources */ = {isa = PBXBuildFile; fileRef = 599824B224D1D37100AB4A41 /* LightsListViewModel.swift */; };
		59A227EC24EE612B00AF2E75 /* SyncView.swift in Sources */ = {isa = PBXBuildFile; fileRef = 59A227EB24EE612B00AF2E75 /* SyncView.swift */; };
		59A227EF24EE72B500AF2E75 /* SyncViewModel.swift in Sources */ = {isa = PBXBuildFile; fileRef = 59A227EE24EE72B500AF2E75 /* SyncViewModel.swift */; };
		59C6ABA424DBEFD9005F611B /* LightRowView.swift in Sources */ = {isa = PBXBuildFile; fileRef = 59C6ABA324DBEFD9005F611B /* LightRowView.swift */; };
		59C6ABA624DC08D7005F611B /* Badge.swift in Sources */ = {isa = PBXBuildFile; fileRef = 59C6ABA524DC08D7005F611B /* Badge.swift */; };
		59C6ABA824DC2A52005F611B /* MultiColorCircle.swift in Sources */ = {isa = PBXBuildFile; fileRef = 59C6ABA724DC2A52005F611B /* MultiColorCircle.swift */; };
		59C6C6FA24BC6F8600A8F258 /* ConnectView.swift in Sources */ = {isa = PBXBuildFile; fileRef = 59C6C6F924BC6F8600A8F258 /* ConnectView.swift */; };
		59C6C6FC24BC774A00A8F258 /* ActivityIndicator.swift in Sources */ = {isa = PBXBuildFile; fileRef = 59C6C6FB24BC774A00A8F258 /* ActivityIndicator.swift */; };
		59C6C6FF24BC7A4F00A8F258 /* ConnectController.swift in Sources */ = {isa = PBXBuildFile; fileRef = 59C6C6FE24BC7A4F00A8F258 /* ConnectController.swift */; };
		59C82CFF24B5A26B0088ACD1 /* AppDelegate.swift in Sources */ = {isa = PBXBuildFile; fileRef = 59C82CFE24B5A26B0088ACD1 /* AppDelegate.swift */; };
		59C82D0124B5A26B0088ACD1 /* SceneDelegate.swift in Sources */ = {isa = PBXBuildFile; fileRef = 59C82D0024B5A26B0088ACD1 /* SceneDelegate.swift */; };
		59C82D0624B5A26B0088ACD1 /* RemindersListView.swift in Sources */ = {isa = PBXBuildFile; fileRef = 59C82D0524B5A26B0088ACD1 /* RemindersListView.swift */; };
		59C82D0824B5A26C0088ACD1 /* Assets.xcassets in Resources */ = {isa = PBXBuildFile; fileRef = 59C82D0724B5A26C0088ACD1 /* Assets.xcassets */; };
		59C82D0B24B5A26C0088ACD1 /* Preview Assets.xcassets in Resources */ = {isa = PBXBuildFile; fileRef = 59C82D0A24B5A26C0088ACD1 /* Preview Assets.xcassets */; };
		59C82D0E24B5A26C0088ACD1 /* LaunchScreen.storyboard in Resources */ = {isa = PBXBuildFile; fileRef = 59C82D0C24B5A26C0088ACD1 /* LaunchScreen.storyboard */; };
		59C82D1924B5A26C0088ACD1 /* HueRemindersTests.swift in Sources */ = {isa = PBXBuildFile; fileRef = 59C82D1824B5A26C0088ACD1 /* HueRemindersTests.swift */; };
		59C82D2424B5A26D0088ACD1 /* HueRemindersUITests.swift in Sources */ = {isa = PBXBuildFile; fileRef = 59C82D2324B5A26D0088ACD1 /* HueRemindersUITests.swift */; };
		59C82D3224B5A65F0088ACD1 /* NewReminderViewModel.swift in Sources */ = {isa = PBXBuildFile; fileRef = 59C82D3124B5A65F0088ACD1 /* NewReminderViewModel.swift */; };
		59C82D3624B61D730088ACD1 /* ReminderRow.swift in Sources */ = {isa = PBXBuildFile; fileRef = 59C82D3524B61D730088ACD1 /* ReminderRow.swift */; };
		59C82D3824B61DD70088ACD1 /* NewReminderView.swift in Sources */ = {isa = PBXBuildFile; fileRef = 59C82D3724B61DD70088ACD1 /* NewReminderView.swift */; };
		59C82D3A24B629560088ACD1 /* ListViewModel.swift in Sources */ = {isa = PBXBuildFile; fileRef = 59C82D3924B629560088ACD1 /* ListViewModel.swift */; };
		59D5C81B24CE281C007AC225 /* BridgeSelectView.swift in Sources */ = {isa = PBXBuildFile; fileRef = 59D5C81A24CE281C007AC225 /* BridgeSelectView.swift */; };
		59E7839624D18B2B0010D0CF /* LightsListView.swift in Sources */ = {isa = PBXBuildFile; fileRef = 59E7839524D18B2B0010D0CF /* LightsListView.swift */; };
		59F13AC024E2A28700F2D99F /* ReminderRowViewModel.swift in Sources */ = {isa = PBXBuildFile; fileRef = 59F13ABF24E2A28700F2D99F /* ReminderRowViewModel.swift */; };
		59F13AC224E3DECE00F2D99F /* UserNotificationCenterDelegate.swift in Sources */ = {isa = PBXBuildFile; fileRef = 59F13AC124E3DECE00F2D99F /* UserNotificationCenterDelegate.swift */; };
/* End PBXBuildFile section */

/* Begin PBXContainerItemProxy section */
		59C82D1524B5A26C0088ACD1 /* PBXContainerItemProxy */ = {
			isa = PBXContainerItemProxy;
			containerPortal = 59C82CF324B5A26B0088ACD1 /* Project object */;
			proxyType = 1;
			remoteGlobalIDString = 59C82CFA24B5A26B0088ACD1;
			remoteInfo = HueReminders;
		};
		59C82D2024B5A26C0088ACD1 /* PBXContainerItemProxy */ = {
			isa = PBXContainerItemProxy;
			containerPortal = 59C82CF324B5A26B0088ACD1 /* Project object */;
			proxyType = 1;
			remoteGlobalIDString = 59C82CFA24B5A26B0088ACD1;
			remoteInfo = HueReminders;
		};
/* End PBXContainerItemProxy section */

/* Begin PBXFileReference section */
		5906D6DF24DD2C9200CB9294 /* HueReminders.entitlements */ = {isa = PBXFileReference; lastKnownFileType = text.plist.entitlements; path = HueReminders.entitlements; sourceTree = "<group>"; };
		5906D6E124DD2D0300CB9294 /* CloudKit.framework */ = {isa = PBXFileReference; lastKnownFileType = wrapper.framework; name = CloudKit.framework; path = System/Library/Frameworks/CloudKit.framework; sourceTree = SDKROOT; };
		5909BD0A24CF70A4000265BB /* HueLight.swift */ = {isa = PBXFileReference; lastKnownFileType = sourcecode.swift; path = HueLight.swift; sourceTree = "<group>"; };
		5909BD0C24CF70C0000265BB /* Findable.swift */ = {isa = PBXFileReference; lastKnownFileType = sourcecode.swift; path = Findable.swift; sourceTree = "<group>"; };
		5909BD0E24CF761E000265BB /* HueAPI.swift */ = {isa = PBXFileReference; lastKnownFileType = sourcecode.swift; path = HueAPI.swift; sourceTree = "<group>"; };
		5909BD1024D057A6000265BB /* BridgeRowView.swift */ = {isa = PBXFileReference; lastKnownFileType = sourcecode.swift; path = BridgeRowView.swift; sourceTree = "<group>"; };
		590F453924D8351300F38AD7 /* MainContainerView.swift */ = {isa = PBXFileReference; lastKnownFileType = sourcecode.swift; path = MainContainerView.swift; sourceTree = "<group>"; };
		59173A9D24B764800009A73C /* InspectReminder.swift */ = {isa = PBXFileReference; lastKnownFileType = sourcecode.swift; path = InspectReminder.swift; sourceTree = "<group>"; };
		591C895324EFDAC1005BA7B1 /* EmptyView.swift */ = {isa = PBXFileReference; lastKnownFileType = sourcecode.swift; path = EmptyView.swift; sourceTree = "<group>"; };
		592B427124C9839200D73CFF /* ConnectViewModel.swift */ = {isa = PBXFileReference; lastKnownFileType = sourcecode.swift; path = ConnectViewModel.swift; sourceTree = "<group>"; };
		592BFC5524DA8C9800FF19A9 /* Reminder.swift */ = {isa = PBXFileReference; lastKnownFileType = sourcecode.swift; path = Reminder.swift; sourceTree = "<group>"; };
		592DD9B824E143B600B8309A /* ResponseStructs.swift */ = {isa = PBXFileReference; lastKnownFileType = sourcecode.swift; path = ResponseStructs.swift; sourceTree = "<group>"; };
		595D61EB24CEB2A000F93423 /* HueBridge.xcdatamodel */ = {isa = PBXFileReference; lastKnownFileType = wrapper.xcdatamodel; path = HueBridge.xcdatamodel; sourceTree = "<group>"; };
		595D61EF24CED6C900F93423 /* HueBridge.swift */ = {isa = PBXFileReference; lastKnownFileType = sourcecode.swift; path = HueBridge.swift; sourceTree = "<group>"; };
		599824B224D1D37100AB4A41 /* LightsListViewModel.swift */ = {isa = PBXFileReference; lastKnownFileType = sourcecode.swift; path = LightsListViewModel.swift; sourceTree = "<group>"; };
		59A227EB24EE612B00AF2E75 /* SyncView.swift */ = {isa = PBXFileReference; lastKnownFileType = sourcecode.swift; path = SyncView.swift; sourceTree = "<group>"; };
		59A227EE24EE72B500AF2E75 /* SyncViewModel.swift */ = {isa = PBXFileReference; lastKnownFileType = sourcecode.swift; path = SyncViewModel.swift; sourceTree = "<group>"; };
		59C6ABA324DBEFD9005F611B /* LightRowView.swift */ = {isa = PBXFileReference; lastKnownFileType = sourcecode.swift; path = LightRowView.swift; sourceTree = "<group>"; };
		59C6ABA524DC08D7005F611B /* Badge.swift */ = {isa = PBXFileReference; lastKnownFileType = sourcecode.swift; path = Badge.swift; sourceTree = "<group>"; };
		59C6ABA724DC2A52005F611B /* MultiColorCircle.swift */ = {isa = PBXFileReference; lastKnownFileType = sourcecode.swift; path = MultiColorCircle.swift; sourceTree = "<group>"; };
		59C6C6F924BC6F8600A8F258 /* ConnectView.swift */ = {isa = PBXFileReference; lastKnownFileType = sourcecode.swift; path = ConnectView.swift; sourceTree = "<group>"; };
		59C6C6FB24BC774A00A8F258 /* ActivityIndicator.swift */ = {isa = PBXFileReference; lastKnownFileType = sourcecode.swift; path = ActivityIndicator.swift; sourceTree = "<group>"; };
		59C6C6FE24BC7A4F00A8F258 /* ConnectController.swift */ = {isa = PBXFileReference; lastKnownFileType = sourcecode.swift; path = ConnectController.swift; sourceTree = "<group>"; };
		59C82CFB24B5A26B0088ACD1 /* HueReminders.app */ = {isa = PBXFileReference; explicitFileType = wrapper.application; includeInIndex = 0; path = HueReminders.app; sourceTree = BUILT_PRODUCTS_DIR; };
		59C82CFE24B5A26B0088ACD1 /* AppDelegate.swift */ = {isa = PBXFileReference; lastKnownFileType = sourcecode.swift; path = AppDelegate.swift; sourceTree = "<group>"; };
		59C82D0024B5A26B0088ACD1 /* SceneDelegate.swift */ = {isa = PBXFileReference; lastKnownFileType = sourcecode.swift; path = SceneDelegate.swift; sourceTree = "<group>"; };
		59C82D0524B5A26B0088ACD1 /* RemindersListView.swift */ = {isa = PBXFileReference; lastKnownFileType = sourcecode.swift; path = RemindersListView.swift; sourceTree = "<group>"; };
		59C82D0724B5A26C0088ACD1 /* Assets.xcassets */ = {isa = PBXFileReference; lastKnownFileType = folder.assetcatalog; path = Assets.xcassets; sourceTree = "<group>"; };
		59C82D0A24B5A26C0088ACD1 /* Preview Assets.xcassets */ = {isa = PBXFileReference; lastKnownFileType = folder.assetcatalog; path = "Preview Assets.xcassets"; sourceTree = "<group>"; };
		59C82D0D24B5A26C0088ACD1 /* Base */ = {isa = PBXFileReference; lastKnownFileType = file.storyboard; name = Base; path = Base.lproj/LaunchScreen.storyboard; sourceTree = "<group>"; };
		59C82D0F24B5A26C0088ACD1 /* Info.plist */ = {isa = PBXFileReference; lastKnownFileType = text.plist.xml; path = Info.plist; sourceTree = "<group>"; };
		59C82D1424B5A26C0088ACD1 /* HueRemindersTests.xctest */ = {isa = PBXFileReference; explicitFileType = wrapper.cfbundle; includeInIndex = 0; path = HueRemindersTests.xctest; sourceTree = BUILT_PRODUCTS_DIR; };
		59C82D1824B5A26C0088ACD1 /* HueRemindersTests.swift */ = {isa = PBXFileReference; lastKnownFileType = sourcecode.swift; path = HueRemindersTests.swift; sourceTree = "<group>"; };
		59C82D1A24B5A26C0088ACD1 /* Info.plist */ = {isa = PBXFileReference; lastKnownFileType = text.plist.xml; path = Info.plist; sourceTree = "<group>"; };
		59C82D1F24B5A26C0088ACD1 /* HueRemindersUITests.xctest */ = {isa = PBXFileReference; explicitFileType = wrapper.cfbundle; includeInIndex = 0; path = HueRemindersUITests.xctest; sourceTree = BUILT_PRODUCTS_DIR; };
		59C82D2324B5A26D0088ACD1 /* HueRemindersUITests.swift */ = {isa = PBXFileReference; lastKnownFileType = sourcecode.swift; path = HueRemindersUITests.swift; sourceTree = "<group>"; };
		59C82D2524B5A26D0088ACD1 /* Info.plist */ = {isa = PBXFileReference; lastKnownFileType = text.plist.xml; path = Info.plist; sourceTree = "<group>"; };
		59C82D3124B5A65F0088ACD1 /* NewReminderViewModel.swift */ = {isa = PBXFileReference; lastKnownFileType = sourcecode.swift; path = NewReminderViewModel.swift; sourceTree = "<group>"; };
		59C82D3524B61D730088ACD1 /* ReminderRow.swift */ = {isa = PBXFileReference; lastKnownFileType = sourcecode.swift; path = ReminderRow.swift; sourceTree = "<group>"; };
		59C82D3724B61DD70088ACD1 /* NewReminderView.swift */ = {isa = PBXFileReference; lastKnownFileType = sourcecode.swift; path = NewReminderView.swift; sourceTree = "<group>"; };
		59C82D3924B629560088ACD1 /* ListViewModel.swift */ = {isa = PBXFileReference; lastKnownFileType = sourcecode.swift; path = ListViewModel.swift; sourceTree = "<group>"; };
		59D5C81A24CE281C007AC225 /* BridgeSelectView.swift */ = {isa = PBXFileReference; lastKnownFileType = sourcecode.swift; path = BridgeSelectView.swift; sourceTree = "<group>"; };
		59E7839524D18B2B0010D0CF /* LightsListView.swift */ = {isa = PBXFileReference; lastKnownFileType = sourcecode.swift; path = LightsListView.swift; sourceTree = "<group>"; };
		59F13ABF24E2A28700F2D99F /* ReminderRowViewModel.swift */ = {isa = PBXFileReference; lastKnownFileType = sourcecode.swift; path = ReminderRowViewModel.swift; sourceTree = "<group>"; };
		59F13AC124E3DECE00F2D99F /* UserNotificationCenterDelegate.swift */ = {isa = PBXFileReference; lastKnownFileType = sourcecode.swift; path = UserNotificationCenterDelegate.swift; sourceTree = "<group>"; };
/* End PBXFileReference section */

/* Begin PBXFrameworksBuildPhase section */
		59C82CF824B5A26B0088ACD1 /* Frameworks */ = {
			isa = PBXFrameworksBuildPhase;
			buildActionMask = 2147483647;
			files = (
				5906D6E224DD2D0300CB9294 /* CloudKit.framework in Frameworks */,
			);
			runOnlyForDeploymentPostprocessing = 0;
		};
		59C82D1124B5A26C0088ACD1 /* Frameworks */ = {
			isa = PBXFrameworksBuildPhase;
			buildActionMask = 2147483647;
			files = (
			);
			runOnlyForDeploymentPostprocessing = 0;
		};
		59C82D1C24B5A26C0088ACD1 /* Frameworks */ = {
			isa = PBXFrameworksBuildPhase;
			buildActionMask = 2147483647;
			files = (
			);
			runOnlyForDeploymentPostprocessing = 0;
		};
/* End PBXFrameworksBuildPhase section */

/* Begin PBXGroup section */
		5906D6E024DD2D0300CB9294 /* Frameworks */ = {
			isa = PBXGroup;
			children = (
				5906D6E124DD2D0300CB9294 /* CloudKit.framework */,
			);
			name = Frameworks;
			sourceTree = "<group>";
		};
		59173A9B24B763E50009A73C /* Views */ = {
			isa = PBXGroup;
			children = (
				59A227ED24EE613000AF2E75 /* Sync */,
				5938034924DFE78F00565BDC /* Geometry */,
				5938034824DFE58200565BDC /* Bridges */,
				594B309924DD7AED00C102ED /* Lights */,
				592BFC5724DA94B200FF19A9 /* Reminders */,
				59C6C6F924BC6F8600A8F258 /* ConnectView.swift */,
				590F453924D8351300F38AD7 /* MainContainerView.swift */,
				591C895324EFDAC1005BA7B1 /* EmptyView.swift */,
			);
			path = Views;
			sourceTree = "<group>";
		};
		59173A9C24B763F50009A73C /* ViewModels */ = {
			isa = PBXGroup;
			children = (
				59C82D3124B5A65F0088ACD1 /* NewReminderViewModel.swift */,
				59C82D3924B629560088ACD1 /* ListViewModel.swift */,
				592B427124C9839200D73CFF /* ConnectViewModel.swift */,
				599824B224D1D37100AB4A41 /* LightsListViewModel.swift */,
				59F13ABF24E2A28700F2D99F /* ReminderRowViewModel.swift */,
				59A227EE24EE72B500AF2E75 /* SyncViewModel.swift */,
			);
			path = ViewModels;
			sourceTree = "<group>";
		};
		592BFC5724DA94B200FF19A9 /* Reminders */ = {
			isa = PBXGroup;
			children = (
				59C82D0524B5A26B0088ACD1 /* RemindersListView.swift */,
				59C82D3724B61DD70088ACD1 /* NewReminderView.swift */,
				59173A9D24B764800009A73C /* InspectReminder.swift */,
				59C82D3524B61D730088ACD1 /* ReminderRow.swift */,
			);
			path = Reminders;
			sourceTree = "<group>";
		};
		592DD9B724E1439500B8309A /* HueAPI */ = {
			isa = PBXGroup;
			children = (
				5909BD0E24CF761E000265BB /* HueAPI.swift */,
				592DD9B824E143B600B8309A /* ResponseStructs.swift */,
			);
			path = HueAPI;
			sourceTree = "<group>";
		};
		5938034824DFE58200565BDC /* Bridges */ = {
			isa = PBXGroup;
			children = (
				59D5C81A24CE281C007AC225 /* BridgeSelectView.swift */,
				5909BD1024D057A6000265BB /* BridgeRowView.swift */,
			);
			path = Bridges;
			sourceTree = "<group>";
		};
		5938034924DFE78F00565BDC /* Geometry */ = {
			isa = PBXGroup;
			children = (
				59C6ABA524DC08D7005F611B /* Badge.swift */,
				59C6C6FB24BC774A00A8F258 /* ActivityIndicator.swift */,
				59C6ABA724DC2A52005F611B /* MultiColorCircle.swift */,
			);
			path = Geometry;
			sourceTree = "<group>";
		};
		594B309924DD7AED00C102ED /* Lights */ = {
			isa = PBXGroup;
			children = (
				59E7839524D18B2B0010D0CF /* LightsListView.swift */,
				59C6ABA324DBEFD9005F611B /* LightRowView.swift */,
			);
			path = Lights;
			sourceTree = "<group>";
		};
		595D61EE24CED64300F93423 /* CoreData */ = {
			isa = PBXGroup;
			children = (
				595D61EA24CEB2A000F93423 /* HueBridge.xcdatamodeld */,
				595D61EF24CED6C900F93423 /* HueBridge.swift */,
				5909BD0A24CF70A4000265BB /* HueLight.swift */,
				592BFC5524DA8C9800FF19A9 /* Reminder.swift */,
				5909BD0C24CF70C0000265BB /* Findable.swift */,
			);
			path = CoreData;
			sourceTree = "<group>";
		};
		59A227ED24EE613000AF2E75 /* Sync */ = {
			isa = PBXGroup;
			children = (
				59A227EB24EE612B00AF2E75 /* SyncView.swift */,
			);
			path = Sync;
			sourceTree = "<group>";
		};
		59C6C6FD24BC7A3400A8F258 /* Controllers */ = {
			isa = PBXGroup;
			children = (
				59C6C6FE24BC7A4F00A8F258 /* ConnectController.swift */,
			);
			path = Controllers;
			sourceTree = "<group>";
		};
		59C82CF224B5A26B0088ACD1 = {
			isa = PBXGroup;
			children = (
				59C82CFD24B5A26B0088ACD1 /* HueReminders */,
				59C82D1724B5A26C0088ACD1 /* HueRemindersTests */,
				59C82D2224B5A26D0088ACD1 /* HueRemindersUITests */,
				59C82CFC24B5A26B0088ACD1 /* Products */,
				5906D6E024DD2D0300CB9294 /* Frameworks */,
			);
			sourceTree = "<group>";
		};
		59C82CFC24B5A26B0088ACD1 /* Products */ = {
			isa = PBXGroup;
			children = (
				59C82CFB24B5A26B0088ACD1 /* HueReminders.app */,
				59C82D1424B5A26C0088ACD1 /* HueRemindersTests.xctest */,
				59C82D1F24B5A26C0088ACD1 /* HueRemindersUITests.xctest */,
			);
			name = Products;
			sourceTree = "<group>";
		};
		59C82CFD24B5A26B0088ACD1 /* HueReminders */ = {
			isa = PBXGroup;
			children = (
				592DD9B724E1439500B8309A /* HueAPI */,
				5906D6DF24DD2C9200CB9294 /* HueReminders.entitlements */,
				595D61EE24CED64300F93423 /* CoreData */,
				59C6C6FD24BC7A3400A8F258 /* Controllers */,
				59173A9C24B763F50009A73C /* ViewModels */,
				59173A9B24B763E50009A73C /* Views */,
				59C82CFE24B5A26B0088ACD1 /* AppDelegate.swift */,
				59F13AC124E3DECE00F2D99F /* UserNotificationCenterDelegate.swift */,
				59C82D0024B5A26B0088ACD1 /* SceneDelegate.swift */,
				59C82D0724B5A26C0088ACD1 /* Assets.xcassets */,
				59C82D0C24B5A26C0088ACD1 /* LaunchScreen.storyboard */,
				59C82D0F24B5A26C0088ACD1 /* Info.plist */,
				59C82D0924B5A26C0088ACD1 /* Preview Content */,
			);
			path = HueReminders;
			sourceTree = "<group>";
		};
		59C82D0924B5A26C0088ACD1 /* Preview Content */ = {
			isa = PBXGroup;
			children = (
				59C82D0A24B5A26C0088ACD1 /* Preview Assets.xcassets */,
			);
			path = "Preview Content";
			sourceTree = "<group>";
		};
		59C82D1724B5A26C0088ACD1 /* HueRemindersTests */ = {
			isa = PBXGroup;
			children = (
				59C82D1824B5A26C0088ACD1 /* HueRemindersTests.swift */,
				59C82D1A24B5A26C0088ACD1 /* Info.plist */,
			);
			path = HueRemindersTests;
			sourceTree = "<group>";
		};
		59C82D2224B5A26D0088ACD1 /* HueRemindersUITests */ = {
			isa = PBXGroup;
			children = (
				59C82D2324B5A26D0088ACD1 /* HueRemindersUITests.swift */,
				59C82D2524B5A26D0088ACD1 /* Info.plist */,
			);
			path = HueRemindersUITests;
			sourceTree = "<group>";
		};
/* End PBXGroup section */

/* Begin PBXNativeTarget section */
		59C82CFA24B5A26B0088ACD1 /* HueReminders */ = {
			isa = PBXNativeTarget;
			buildConfigurationList = 59C82D2824B5A26D0088ACD1 /* Build configuration list for PBXNativeTarget "HueReminders" */;
			buildPhases = (
				59C82CF724B5A26B0088ACD1 /* Sources */,
				59C82CF824B5A26B0088ACD1 /* Frameworks */,
				59C82CF924B5A26B0088ACD1 /* Resources */,
				595D61ED24CECD6300F93423 /* ShellScript */,
			);
			buildRules = (
			);
			dependencies = (
			);
			name = HueReminders;
			productName = HueReminders;
			productReference = 59C82CFB24B5A26B0088ACD1 /* HueReminders.app */;
			productType = "com.apple.product-type.application";
		};
		59C82D1324B5A26C0088ACD1 /* HueRemindersTests */ = {
			isa = PBXNativeTarget;
			buildConfigurationList = 59C82D2B24B5A26D0088ACD1 /* Build configuration list for PBXNativeTarget "HueRemindersTests" */;
			buildPhases = (
				59C82D1024B5A26C0088ACD1 /* Sources */,
				59C82D1124B5A26C0088ACD1 /* Frameworks */,
				59C82D1224B5A26C0088ACD1 /* Resources */,
			);
			buildRules = (
			);
			dependencies = (
				59C82D1624B5A26C0088ACD1 /* PBXTargetDependency */,
			);
			name = HueRemindersTests;
			productName = HueRemindersTests;
			productReference = 59C82D1424B5A26C0088ACD1 /* HueRemindersTests.xctest */;
			productType = "com.apple.product-type.bundle.unit-test";
		};
		59C82D1E24B5A26C0088ACD1 /* HueRemindersUITests */ = {
			isa = PBXNativeTarget;
			buildConfigurationList = 59C82D2E24B5A26D0088ACD1 /* Build configuration list for PBXNativeTarget "HueRemindersUITests" */;
			buildPhases = (
				59C82D1B24B5A26C0088ACD1 /* Sources */,
				59C82D1C24B5A26C0088ACD1 /* Frameworks */,
				59C82D1D24B5A26C0088ACD1 /* Resources */,
			);
			buildRules = (
			);
			dependencies = (
				59C82D2124B5A26C0088ACD1 /* PBXTargetDependency */,
			);
			name = HueRemindersUITests;
			productName = HueRemindersUITests;
			productReference = 59C82D1F24B5A26C0088ACD1 /* HueRemindersUITests.xctest */;
			productType = "com.apple.product-type.bundle.ui-testing";
		};
/* End PBXNativeTarget section */

/* Begin PBXProject section */
		59C82CF324B5A26B0088ACD1 /* Project object */ = {
			isa = PBXProject;
			attributes = {
				LastSwiftUpdateCheck = 1150;
				LastUpgradeCheck = 1150;
				ORGANIZATIONNAME = "Jan Svensson";
				TargetAttributes = {
					59C82CFA24B5A26B0088ACD1 = {
						CreatedOnToolsVersion = 11.5;
					};
					59C82D1324B5A26C0088ACD1 = {
						CreatedOnToolsVersion = 11.5;
						TestTargetID = 59C82CFA24B5A26B0088ACD1;
					};
					59C82D1E24B5A26C0088ACD1 = {
						CreatedOnToolsVersion = 11.5;
						TestTargetID = 59C82CFA24B5A26B0088ACD1;
					};
				};
			};
			buildConfigurationList = 59C82CF624B5A26B0088ACD1 /* Build configuration list for PBXProject "HueReminders" */;
			compatibilityVersion = "Xcode 9.3";
			developmentRegion = en;
			hasScannedForEncodings = 0;
			knownRegions = (
				en,
				Base,
			);
			mainGroup = 59C82CF224B5A26B0088ACD1;
			productRefGroup = 59C82CFC24B5A26B0088ACD1 /* Products */;
			projectDirPath = "";
			projectRoot = "";
			targets = (
				59C82CFA24B5A26B0088ACD1 /* HueReminders */,
				59C82D1324B5A26C0088ACD1 /* HueRemindersTests */,
				59C82D1E24B5A26C0088ACD1 /* HueRemindersUITests */,
			);
		};
/* End PBXProject section */

/* Begin PBXResourcesBuildPhase section */
		59C82CF924B5A26B0088ACD1 /* Resources */ = {
			isa = PBXResourcesBuildPhase;
			buildActionMask = 2147483647;
			files = (
				59C82D0E24B5A26C0088ACD1 /* LaunchScreen.storyboard in Resources */,
				59C82D0B24B5A26C0088ACD1 /* Preview Assets.xcassets in Resources */,
				59C82D0824B5A26C0088ACD1 /* Assets.xcassets in Resources */,
			);
			runOnlyForDeploymentPostprocessing = 0;
		};
		59C82D1224B5A26C0088ACD1 /* Resources */ = {
			isa = PBXResourcesBuildPhase;
			buildActionMask = 2147483647;
			files = (
			);
			runOnlyForDeploymentPostprocessing = 0;
		};
		59C82D1D24B5A26C0088ACD1 /* Resources */ = {
			isa = PBXResourcesBuildPhase;
			buildActionMask = 2147483647;
			files = (
			);
			runOnlyForDeploymentPostprocessing = 0;
		};
/* End PBXResourcesBuildPhase section */

/* Begin PBXShellScriptBuildPhase section */
		595D61ED24CECD6300F93423 /* ShellScript */ = {
			isa = PBXShellScriptBuildPhase;
			buildActionMask = 2147483647;
			files = (
			);
			inputFileListPaths = (
			);
			inputPaths = (
			);
			outputFileListPaths = (
			);
			outputPaths = (
			);
			runOnlyForDeploymentPostprocessing = 0;
			shellPath = /bin/sh;
			shellScript = "if which swiftlint >/dev/null; then\nswiftlint\nelse\necho \"warning: SwiftLint not installed, download from https://github.com/realm/SwiftLint\"\nfi\n";
		};
/* End PBXShellScriptBuildPhase section */

/* Begin PBXSourcesBuildPhase section */
		59C82CF724B5A26B0088ACD1 /* Sources */ = {
			isa = PBXSourcesBuildPhase;
			buildActionMask = 2147483647;
			files = (
				592B427224C9839200D73CFF /* ConnectViewModel.swift in Sources */,
				592DD9B924E143B600B8309A /* ResponseStructs.swift in Sources */,
				59C82D3824B61DD70088ACD1 /* NewReminderView.swift in Sources */,
				59C82D3624B61D730088ACD1 /* ReminderRow.swift in Sources */,
				59C6ABA824DC2A52005F611B /* MultiColorCircle.swift in Sources */,
				592BFC5624DA8C9800FF19A9 /* Reminder.swift in Sources */,
				590F453A24D8351300F38AD7 /* MainContainerView.swift in Sources */,
				5909BD0F24CF761E000265BB /* HueAPI.swift in Sources */,
				59A227EF24EE72B500AF2E75 /* SyncViewModel.swift in Sources */,
				5909BD0B24CF70A4000265BB /* HueLight.swift in Sources */,
				59D5C81B24CE281C007AC225 /* BridgeSelectView.swift in Sources */,
				59F13AC224E3DECE00F2D99F /* UserNotificationCenterDelegate.swift in Sources */,
				59C6ABA424DBEFD9005F611B /* LightRowView.swift in Sources */,
				59173A9E24B764800009A73C /* InspectReminder.swift in Sources */,
				599824B324D1D37100AB4A41 /* LightsListViewModel.swift in Sources */,
				59C6C6FA24BC6F8600A8F258 /* ConnectView.swift in Sources */,
				59A227EC24EE612B00AF2E75 /* SyncView.swift in Sources */,
				59C82CFF24B5A26B0088ACD1 /* AppDelegate.swift in Sources */,
				59E7839624D18B2B0010D0CF /* LightsListView.swift in Sources */,
				59C6C6FC24BC774A00A8F258 /* ActivityIndicator.swift in Sources */,
				591C895424EFDAC1005BA7B1 /* EmptyView.swift in Sources */,
				59C82D0624B5A26B0088ACD1 /* RemindersListView.swift in Sources */,
				595D61EC24CEB2A000F93423 /* HueBridge.xcdatamodeld in Sources */,
				59C6C6FF24BC7A4F00A8F258 /* ConnectController.swift in Sources */,
				59C82D3224B5A65F0088ACD1 /* NewReminderViewModel.swift in Sources */,
				59C82D3A24B629560088ACD1 /* ListViewModel.swift in Sources */,
				5909BD0D24CF70C0000265BB /* Findable.swift in Sources */,
				59F13AC024E2A28700F2D99F /* ReminderRowViewModel.swift in Sources */,
				59C6ABA624DC08D7005F611B /* Badge.swift in Sources */,
				5909BD1124D057A6000265BB /* BridgeRowView.swift in Sources */,
				595D61F024CED6C900F93423 /* HueBridge.swift in Sources */,
				59C82D0124B5A26B0088ACD1 /* SceneDelegate.swift in Sources */,
			);
			runOnlyForDeploymentPostprocessing = 0;
		};
		59C82D1024B5A26C0088ACD1 /* Sources */ = {
			isa = PBXSourcesBuildPhase;
			buildActionMask = 2147483647;
			files = (
				59C82D1924B5A26C0088ACD1 /* HueRemindersTests.swift in Sources */,
			);
			runOnlyForDeploymentPostprocessing = 0;
		};
		59C82D1B24B5A26C0088ACD1 /* Sources */ = {
			isa = PBXSourcesBuildPhase;
			buildActionMask = 2147483647;
			files = (
				59C82D2424B5A26D0088ACD1 /* HueRemindersUITests.swift in Sources */,
			);
			runOnlyForDeploymentPostprocessing = 0;
		};
/* End PBXSourcesBuildPhase section */

/* Begin PBXTargetDependency section */
		59C82D1624B5A26C0088ACD1 /* PBXTargetDependency */ = {
			isa = PBXTargetDependency;
			target = 59C82CFA24B5A26B0088ACD1 /* HueReminders */;
			targetProxy = 59C82D1524B5A26C0088ACD1 /* PBXContainerItemProxy */;
		};
		59C82D2124B5A26C0088ACD1 /* PBXTargetDependency */ = {
			isa = PBXTargetDependency;
			target = 59C82CFA24B5A26B0088ACD1 /* HueReminders */;
			targetProxy = 59C82D2024B5A26C0088ACD1 /* PBXContainerItemProxy */;
		};
/* End PBXTargetDependency section */

/* Begin PBXVariantGroup section */
		59C82D0C24B5A26C0088ACD1 /* LaunchScreen.storyboard */ = {
			isa = PBXVariantGroup;
			children = (
				59C82D0D24B5A26C0088ACD1 /* Base */,
			);
			name = LaunchScreen.storyboard;
			sourceTree = "<group>";
		};
/* End PBXVariantGroup section */

/* Begin XCBuildConfiguration section */
		59C82D2624B5A26D0088ACD1 /* Debug */ = {
			isa = XCBuildConfiguration;
			buildSettings = {
				ALWAYS_SEARCH_USER_PATHS = NO;
				CLANG_ANALYZER_NONNULL = YES;
				CLANG_ANALYZER_NUMBER_OBJECT_CONVERSION = YES_AGGRESSIVE;
				CLANG_CXX_LANGUAGE_STANDARD = "gnu++14";
				CLANG_CXX_LIBRARY = "libc++";
				CLANG_ENABLE_MODULES = YES;
				CLANG_ENABLE_OBJC_ARC = YES;
				CLANG_ENABLE_OBJC_WEAK = YES;
				CLANG_WARN_BLOCK_CAPTURE_AUTORELEASING = YES;
				CLANG_WARN_BOOL_CONVERSION = YES;
				CLANG_WARN_COMMA = YES;
				CLANG_WARN_CONSTANT_CONVERSION = YES;
				CLANG_WARN_DEPRECATED_OBJC_IMPLEMENTATIONS = YES;
				CLANG_WARN_DIRECT_OBJC_ISA_USAGE = YES_ERROR;
				CLANG_WARN_DOCUMENTATION_COMMENTS = YES;
				CLANG_WARN_EMPTY_BODY = YES;
				CLANG_WARN_ENUM_CONVERSION = YES;
				CLANG_WARN_INFINITE_RECURSION = YES;
				CLANG_WARN_INT_CONVERSION = YES;
				CLANG_WARN_NON_LITERAL_NULL_CONVERSION = YES;
				CLANG_WARN_OBJC_IMPLICIT_RETAIN_SELF = YES;
				CLANG_WARN_OBJC_LITERAL_CONVERSION = YES;
				CLANG_WARN_OBJC_ROOT_CLASS = YES_ERROR;
				CLANG_WARN_RANGE_LOOP_ANALYSIS = YES;
				CLANG_WARN_STRICT_PROTOTYPES = YES;
				CLANG_WARN_SUSPICIOUS_MOVE = YES;
				CLANG_WARN_UNGUARDED_AVAILABILITY = YES_AGGRESSIVE;
				CLANG_WARN_UNREACHABLE_CODE = YES;
				CLANG_WARN__DUPLICATE_METHOD_MATCH = YES;
				COPY_PHASE_STRIP = NO;
				DEBUG_INFORMATION_FORMAT = dwarf;
				ENABLE_STRICT_OBJC_MSGSEND = YES;
				ENABLE_TESTABILITY = YES;
				GCC_C_LANGUAGE_STANDARD = gnu11;
				GCC_DYNAMIC_NO_PIC = NO;
				GCC_NO_COMMON_BLOCKS = YES;
				GCC_OPTIMIZATION_LEVEL = 0;
				GCC_PREPROCESSOR_DEFINITIONS = (
					"DEBUG=1",
					"$(inherited)",
				);
				GCC_WARN_64_TO_32_BIT_CONVERSION = YES;
				GCC_WARN_ABOUT_RETURN_TYPE = YES_ERROR;
				GCC_WARN_UNDECLARED_SELECTOR = YES;
				GCC_WARN_UNINITIALIZED_AUTOS = YES_AGGRESSIVE;
				GCC_WARN_UNUSED_FUNCTION = YES;
				GCC_WARN_UNUSED_VARIABLE = YES;
				IPHONEOS_DEPLOYMENT_TARGET = 13.5;
				MTL_ENABLE_DEBUG_INFO = INCLUDE_SOURCE;
				MTL_FAST_MATH = YES;
				ONLY_ACTIVE_ARCH = YES;
				SDKROOT = iphoneos;
				SWIFT_ACTIVE_COMPILATION_CONDITIONS = DEBUG;
				SWIFT_OPTIMIZATION_LEVEL = "-Onone";
			};
			name = Debug;
		};
		59C82D2724B5A26D0088ACD1 /* Release */ = {
			isa = XCBuildConfiguration;
			buildSettings = {
				ALWAYS_SEARCH_USER_PATHS = NO;
				CLANG_ANALYZER_NONNULL = YES;
				CLANG_ANALYZER_NUMBER_OBJECT_CONVERSION = YES_AGGRESSIVE;
				CLANG_CXX_LANGUAGE_STANDARD = "gnu++14";
				CLANG_CXX_LIBRARY = "libc++";
				CLANG_ENABLE_MODULES = YES;
				CLANG_ENABLE_OBJC_ARC = YES;
				CLANG_ENABLE_OBJC_WEAK = YES;
				CLANG_WARN_BLOCK_CAPTURE_AUTORELEASING = YES;
				CLANG_WARN_BOOL_CONVERSION = YES;
				CLANG_WARN_COMMA = YES;
				CLANG_WARN_CONSTANT_CONVERSION = YES;
				CLANG_WARN_DEPRECATED_OBJC_IMPLEMENTATIONS = YES;
				CLANG_WARN_DIRECT_OBJC_ISA_USAGE = YES_ERROR;
				CLANG_WARN_DOCUMENTATION_COMMENTS = YES;
				CLANG_WARN_EMPTY_BODY = YES;
				CLANG_WARN_ENUM_CONVERSION = YES;
				CLANG_WARN_INFINITE_RECURSION = YES;
				CLANG_WARN_INT_CONVERSION = YES;
				CLANG_WARN_NON_LITERAL_NULL_CONVERSION = YES;
				CLANG_WARN_OBJC_IMPLICIT_RETAIN_SELF = YES;
				CLANG_WARN_OBJC_LITERAL_CONVERSION = YES;
				CLANG_WARN_OBJC_ROOT_CLASS = YES_ERROR;
				CLANG_WARN_RANGE_LOOP_ANALYSIS = YES;
				CLANG_WARN_STRICT_PROTOTYPES = YES;
				CLANG_WARN_SUSPICIOUS_MOVE = YES;
				CLANG_WARN_UNGUARDED_AVAILABILITY = YES_AGGRESSIVE;
				CLANG_WARN_UNREACHABLE_CODE = YES;
				CLANG_WARN__DUPLICATE_METHOD_MATCH = YES;
				COPY_PHASE_STRIP = NO;
				DEBUG_INFORMATION_FORMAT = "dwarf-with-dsym";
				ENABLE_NS_ASSERTIONS = NO;
				ENABLE_STRICT_OBJC_MSGSEND = YES;
				GCC_C_LANGUAGE_STANDARD = gnu11;
				GCC_NO_COMMON_BLOCKS = YES;
				GCC_WARN_64_TO_32_BIT_CONVERSION = YES;
				GCC_WARN_ABOUT_RETURN_TYPE = YES_ERROR;
				GCC_WARN_UNDECLARED_SELECTOR = YES;
				GCC_WARN_UNINITIALIZED_AUTOS = YES_AGGRESSIVE;
				GCC_WARN_UNUSED_FUNCTION = YES;
				GCC_WARN_UNUSED_VARIABLE = YES;
				IPHONEOS_DEPLOYMENT_TARGET = 13.5;
				MTL_ENABLE_DEBUG_INFO = NO;
				MTL_FAST_MATH = YES;
				SDKROOT = iphoneos;
				SWIFT_COMPILATION_MODE = wholemodule;
				SWIFT_OPTIMIZATION_LEVEL = "-O";
				VALIDATE_PRODUCT = YES;
			};
			name = Release;
		};
		59C82D2924B5A26D0088ACD1 /* Debug */ = {
			isa = XCBuildConfiguration;
			buildSettings = {
				ASSETCATALOG_COMPILER_APPICON_NAME = AppIcon;
				CODE_SIGN_ENTITLEMENTS = HueReminders/HueReminders.entitlements;
				CODE_SIGN_IDENTITY = "Apple Development";
				CODE_SIGN_STYLE = Automatic;
				DEVELOPMENT_ASSET_PATHS = "\"HueReminders/Preview Content\"";
				DEVELOPMENT_TEAM = Q9L559MT2U;
				ENABLE_PREVIEWS = YES;
				INFOPLIST_FILE = HueReminders/Info.plist;
				LD_RUNPATH_SEARCH_PATHS = (
					"$(inherited)",
					"@executable_path/Frameworks",
				);
				PRODUCT_BUNDLE_IDENTIFIER = com.jansvenssoncv.huereminders;
				PRODUCT_NAME = "$(TARGET_NAME)";
				PROVISIONING_PROFILE_SPECIFIER = "";
				SWIFT_VERSION = 5.0;
				TARGETED_DEVICE_FAMILY = "1,2";
			};
			name = Debug;
		};
		59C82D2A24B5A26D0088ACD1 /* Release */ = {
			isa = XCBuildConfiguration;
			buildSettings = {
				ASSETCATALOG_COMPILER_APPICON_NAME = AppIcon;
				CODE_SIGN_ENTITLEMENTS = HueReminders/HueReminders.entitlements;
				CODE_SIGN_IDENTITY = "Apple Development";
				CODE_SIGN_STYLE = Automatic;
				DEVELOPMENT_ASSET_PATHS = "\"HueReminders/Preview Content\"";
				DEVELOPMENT_TEAM = Q9L559MT2U;
				ENABLE_PREVIEWS = YES;
				INFOPLIST_FILE = HueReminders/Info.plist;
				LD_RUNPATH_SEARCH_PATHS = (
					"$(inherited)",
					"@executable_path/Frameworks",
				);
				PRODUCT_BUNDLE_IDENTIFIER = com.jansvenssoncv.huereminders;
				PRODUCT_NAME = "$(TARGET_NAME)";
				PROVISIONING_PROFILE_SPECIFIER = "";
				SWIFT_VERSION = 5.0;
				TARGETED_DEVICE_FAMILY = "1,2";
			};
			name = Release;
		};
		59C82D2C24B5A26D0088ACD1 /* Debug */ = {
			isa = XCBuildConfiguration;
			buildSettings = {
				ALWAYS_EMBED_SWIFT_STANDARD_LIBRARIES = YES;
				BUNDLE_LOADER = "$(TEST_HOST)";
				CODE_SIGN_STYLE = Automatic;
				DEVELOPMENT_TEAM = Q9L559MT2U;
				INFOPLIST_FILE = HueRemindersTests/Info.plist;
				IPHONEOS_DEPLOYMENT_TARGET = 13.5;
				LD_RUNPATH_SEARCH_PATHS = (
					"$(inherited)",
					"@executable_path/Frameworks",
					"@loader_path/Frameworks",
				);
				PRODUCT_BUNDLE_IDENTIFIER = com.jansvenssoncv.HueRemindersTests;
				PRODUCT_NAME = "$(TARGET_NAME)";
				SWIFT_VERSION = 5.0;
				TARGETED_DEVICE_FAMILY = "1,2";
				TEST_HOST = "$(BUILT_PRODUCTS_DIR)/HueReminders.app/HueReminders";
			};
			name = Debug;
		};
		59C82D2D24B5A26D0088ACD1 /* Release */ = {
			isa = XCBuildConfiguration;
			buildSettings = {
				ALWAYS_EMBED_SWIFT_STANDARD_LIBRARIES = YES;
				BUNDLE_LOADER = "$(TEST_HOST)";
				CODE_SIGN_STYLE = Automatic;
				DEVELOPMENT_TEAM = Q9L559MT2U;
				INFOPLIST_FILE = HueRemindersTests/Info.plist;
				IPHONEOS_DEPLOYMENT_TARGET = 13.5;
				LD_RUNPATH_SEARCH_PATHS = (
					"$(inherited)",
					"@executable_path/Frameworks",
					"@loader_path/Frameworks",
				);
				PRODUCT_BUNDLE_IDENTIFIER = com.jansvenssoncv.HueRemindersTests;
				PRODUCT_NAME = "$(TARGET_NAME)";
				SWIFT_VERSION = 5.0;
				TARGETED_DEVICE_FAMILY = "1,2";
				TEST_HOST = "$(BUILT_PRODUCTS_DIR)/HueReminders.app/HueReminders";
			};
			name = Release;
		};
		59C82D2F24B5A26D0088ACD1 /* Debug */ = {
			isa = XCBuildConfiguration;
			buildSettings = {
				ALWAYS_EMBED_SWIFT_STANDARD_LIBRARIES = YES;
				CODE_SIGN_STYLE = Automatic;
				DEVELOPMENT_TEAM = Q9L559MT2U;
				INFOPLIST_FILE = HueRemindersUITests/Info.plist;
				LD_RUNPATH_SEARCH_PATHS = (
					"$(inherited)",
					"@executable_path/Frameworks",
					"@loader_path/Frameworks",
				);
				PRODUCT_BUNDLE_IDENTIFIER = com.jansvenssoncv.HueRemindersUITests;
				PRODUCT_NAME = "$(TARGET_NAME)";
				SWIFT_VERSION = 5.0;
				TARGETED_DEVICE_FAMILY = "1,2";
				TEST_TARGET_NAME = HueReminders;
			};
			name = Debug;
		};
		59C82D3024B5A26D0088ACD1 /* Release */ = {
			isa = XCBuildConfiguration;
			buildSettings = {
				ALWAYS_EMBED_SWIFT_STANDARD_LIBRARIES = YES;
				CODE_SIGN_STYLE = Automatic;
				DEVELOPMENT_TEAM = Q9L559MT2U;
				INFOPLIST_FILE = HueRemindersUITests/Info.plist;
				LD_RUNPATH_SEARCH_PATHS = (
					"$(inherited)",
					"@executable_path/Frameworks",
					"@loader_path/Frameworks",
				);
				PRODUCT_BUNDLE_IDENTIFIER = com.jansvenssoncv.HueRemindersUITests;
				PRODUCT_NAME = "$(TARGET_NAME)";
				SWIFT_VERSION = 5.0;
				TARGETED_DEVICE_FAMILY = "1,2";
				TEST_TARGET_NAME = HueReminders;
			};
			name = Release;
		};
/* End XCBuildConfiguration section */

/* Begin XCConfigurationList section */
		59C82CF624B5A26B0088ACD1 /* Build configuration list for PBXProject "HueReminders" */ = {
			isa = XCConfigurationList;
			buildConfigurations = (
				59C82D2624B5A26D0088ACD1 /* Debug */,
				59C82D2724B5A26D0088ACD1 /* Release */,
			);
			defaultConfigurationIsVisible = 0;
			defaultConfigurationName = Release;
		};
		59C82D2824B5A26D0088ACD1 /* Build configuration list for PBXNativeTarget "HueReminders" */ = {
			isa = XCConfigurationList;
			buildConfigurations = (
				59C82D2924B5A26D0088ACD1 /* Debug */,
				59C82D2A24B5A26D0088ACD1 /* Release */,
			);
			defaultConfigurationIsVisible = 0;
			defaultConfigurationName = Release;
		};
		59C82D2B24B5A26D0088ACD1 /* Build configuration list for PBXNativeTarget "HueRemindersTests" */ = {
			isa = XCConfigurationList;
			buildConfigurations = (
				59C82D2C24B5A26D0088ACD1 /* Debug */,
				59C82D2D24B5A26D0088ACD1 /* Release */,
			);
			defaultConfigurationIsVisible = 0;
			defaultConfigurationName = Release;
		};
		59C82D2E24B5A26D0088ACD1 /* Build configuration list for PBXNativeTarget "HueRemindersUITests" */ = {
			isa = XCConfigurationList;
			buildConfigurations = (
				59C82D2F24B5A26D0088ACD1 /* Debug */,
				59C82D3024B5A26D0088ACD1 /* Release */,
			);
			defaultConfigurationIsVisible = 0;
			defaultConfigurationName = Release;
		};
/* End XCConfigurationList section */

/* Begin XCVersionGroup section */
		595D61EA24CEB2A000F93423 /* HueBridge.xcdatamodeld */ = {
			isa = XCVersionGroup;
			children = (
				595D61EB24CEB2A000F93423 /* HueBridge.xcdatamodel */,
			);
			currentVersion = 595D61EB24CEB2A000F93423 /* HueBridge.xcdatamodel */;
			path = HueBridge.xcdatamodeld;
			sourceTree = "<group>";
			versionGroupType = wrapper.xcdatamodel;
		};
/* End XCVersionGroup section */
	};
	rootObject = 59C82CF324B5A26B0088ACD1 /* Project object */;
}
